PODS:
  - AFNetworking (4.0.1):
    - AFNetworking/NSURLSession (= 4.0.1)
    - AFNetworking/Reachability (= 4.0.1)
    - AFNetworking/Security (= 4.0.1)
    - AFNetworking/Serialization (= 4.0.1)
    - AFNetworking/UIKit (= 4.0.1)
  - AFNetworking/NSURLSession (4.0.1):
    - AFNetworking/Reachability
    - AFNetworking/Security
    - AFNetworking/Serialization
  - AFNetworking/Reachability (4.0.1)
  - AFNetworking/Security (4.0.1)
  - AFNetworking/Serialization (4.0.1)
  - AFNetworking/UIKit (4.0.1):
    - AFNetworking/NSURLSession
  - MZAppearance (1.1.6)
  - MZFormSheetPresentationController (2.4.3):
    - MZAppearance
  - SnapKit (4.0.1)
  - SwiftyJSON (5.0.1)

DEPENDENCIES:
  - AFNetworking
  - MZFormSheetPresentationController
  - SnapKit (~> 4.0.0)
  - SwiftyJSON

SPEC REPOS:
  https://github.com/CocoaPods/Specs.git:
    - AFNetworking
    - MZAppearance
    - MZFormSheetPresentationController
    - SnapKit
    - SwiftyJSON

SPEC CHECKSUMS:
  AFNetworking: 7864c38297c79aaca1500c33288e429c3451fdce
  MZAppearance: 0c06d3fa9cc55142f1da14bc8631fbe8fd6e19d5
  MZFormSheetPresentationController: fbfdbad31884f16fac17fbe3c44c168306cc1095
  SnapKit: 0de968a9fec17499afa29683b05d0c775b6d1c29
  SwiftyJSON: 2f33a42c6fbc52764d96f13368585094bfd8aa5e

PODFILE CHECKSUM: 398552f03d55ff690f7fd5c264c2622340e52d18

COCOAPODS: 1.11.2
