{
  "object": {
    "pins": [
      {
        "package": "CHKLineChartKit",
        "repositoryURL": "https://github.com/ghostlordstar/CHKLineChart",
        "state": {
          "branch": "swift_4.0",
          "revision": "0ff2ea959811aa30ded7bad3ac22c9b1347b9829",
          "version": null
        }
      }
    ]
  },
  "version": 1
}
