{
  "object": {
    "pins": [
      {
        "package": "CHKLineChartKit",
        "repositoryURL": "https://github.com/ghostlordstar/CHKLineChart",
        "state": {
          "branch": "swift_4.2",
          "revision": "560a7005fbc4900683d7f40034efcb223df6b5c9",
          "version": null
        }
      }
    ]
  },
  "version": 1
}
